// !$*UTF8*$!
{
	archiveVersion = 1;
	classes = {
	};
	objectVersion = 52;
	objects = {

/* Begin PBXBuildFile section */
		392BB31D246C102100C2F422 /* AppDelegate.swift in Sources */ = {isa = PBXBuildFile; fileRef = 392BB31C246C102100C2F422 /* AppDelegate.swift */; };
		392BB31F246C102100C2F422 /* SceneDelegate.swift in Sources */ = {isa = PBXBuildFile; fileRef = 392BB31E246C102100C2F422 /* SceneDelegate.swift */; };
		392BB321246C102100C2F422 /* ContentView.swift in Sources */ = {isa = PBXBuildFile; fileRef = 392BB320246C102100C2F422 /* ContentView.swift */; };
		392BB323246C102300C2F422 /* Assets.xcassets in Resources */ = {isa = PBXBuildFile; fileRef = 392BB322246C102300C2F422 /* Assets.xcassets */; };
		392BB326246C102300C2F422 /* Preview Assets.xcassets in Resources */ = {isa = PBXBuildFile; fileRef = 392BB325246C102300C2F422 /* Preview Assets.xcassets */; };
		392BB329246C102300C2F422 /* LaunchScreen.storyboard in Resources */ = {isa = PBXBuildFile; fileRef = 392BB327246C102300C2F422 /* LaunchScreen.storyboard */; };
		392BB347246C130800C2F422 /* AppState.swift in Sources */ = {isa = PBXBuildFile; fileRef = 392BB346246C130800C2F422 /* AppState.swift */; };
		392BB349246C135200C2F422 /* InteractorsContainer.swift in Sources */ = {isa = PBXBuildFile; fileRef = 392BB348246C135200C2F422 /* InteractorsContainer.swift */; };
		392BB34D246C13D900C2F422 /* ChannelsInteractor.swift in Sources */ = {isa = PBXBuildFile; fileRef = 392BB34C246C13D900C2F422 /* ChannelsInteractor.swift */; };
		392BB351246C14B600C2F422 /* DependencyInjector.swift in Sources */ = {isa = PBXBuildFile; fileRef = 392BB350246C14B600C2F422 /* DependencyInjector.swift */; };
		392BB353246C14C400C2F422 /* Store.swift in Sources */ = {isa = PBXBuildFile; fileRef = 392BB352246C14C400C2F422 /* Store.swift */; };
		392BB355246C150200C2F422 /* SystemEventsHandler.swift in Sources */ = {isa = PBXBuildFile; fileRef = 392BB354246C150200C2F422 /* SystemEventsHandler.swift */; };
		392BB358246C16A400C2F422 /* AppEnvironment.swift in Sources */ = {isa = PBXBuildFile; fileRef = 392BB357246C16A400C2F422 /* AppEnvironment.swift */; };
		392BB35A246C170700C2F422 /* ChannelsWebRepository.swift in Sources */ = {isa = PBXBuildFile; fileRef = 392BB359246C170700C2F422 /* ChannelsWebRepository.swift */; };
		392BB360246C176A00C2F422 /* WebRepository.swift in Sources */ = {isa = PBXBuildFile; fileRef = 392BB35F246C176A00C2F422 /* WebRepository.swift */; };
		392BB362246C177900C2F422 /* NetworkingHelpers.swift in Sources */ = {isa = PBXBuildFile; fileRef = 392BB361246C177900C2F422 /* NetworkingHelpers.swift */; };
		392BB364246C178400C2F422 /* Helpers.swift in Sources */ = {isa = PBXBuildFile; fileRef = 392BB363246C178400C2F422 /* Helpers.swift */; };
		392BB366246C178900C2F422 /* APICall.swift in Sources */ = {isa = PBXBuildFile; fileRef = 392BB365246C178900C2F422 /* APICall.swift */; };
		392BB369246C17C400C2F422 /* CancelBag.swift in Sources */ = {isa = PBXBuildFile; fileRef = 392BB367246C17C400C2F422 /* CancelBag.swift */; };
		392BB36A246C17C400C2F422 /* Loadable.swift in Sources */ = {isa = PBXBuildFile; fileRef = 392BB368246C17C400C2F422 /* Loadable.swift */; };
		392BB36C246C473B00C2F422 /* Media.swift in Sources */ = {isa = PBXBuildFile; fileRef = 392BB36B246C473B00C2F422 /* Media.swift */; };
		392BB36E246C484F00C2F422 /* Channel.swift in Sources */ = {isa = PBXBuildFile; fileRef = 392BB36D246C484F00C2F422 /* Channel.swift */; };
		392BB370246C489000C2F422 /* Asset.swift in Sources */ = {isa = PBXBuildFile; fileRef = 392BB36F246C489000C2F422 /* Asset.swift */; };
		392BB372246C4B0A00C2F422 /* SeriesItem.swift in Sources */ = {isa = PBXBuildFile; fileRef = 392BB371246C4B0A00C2F422 /* SeriesItem.swift */; };
		392BB374246C4DB400C2F422 /* Category.swift in Sources */ = {isa = PBXBuildFile; fileRef = 392BB373246C4DB400C2F422 /* Category.swift */; };
		392BB376246C501800C2F422 /* NewEpisodesData.swift in Sources */ = {isa = PBXBuildFile; fileRef = 392BB375246C501800C2F422 /* NewEpisodesData.swift */; };
		392BB378246C504100C2F422 /* ChannelsData.swift in Sources */ = {isa = PBXBuildFile; fileRef = 392BB377246C504100C2F422 /* ChannelsData.swift */; };
		392BB37A246C507000C2F422 /* CategoriesData.swift in Sources */ = {isa = PBXBuildFile; fileRef = 392BB379246C507000C2F422 /* CategoriesData.swift */; };
		392BB37D246C54B300C2F422 /* WebRepositoryTests.swift in Sources */ = {isa = PBXBuildFile; fileRef = 392BB37C246C54B300C2F422 /* WebRepositoryTests.swift */; };
		392BB380246C54F400C2F422 /* Mock.swift in Sources */ = {isa = PBXBuildFile; fileRef = 392BB37F246C54F400C2F422 /* Mock.swift */; };
		392BB384246C551B00C2F422 /* MockedResponse.swift in Sources */ = {isa = PBXBuildFile; fileRef = 392BB382246C551B00C2F422 /* MockedResponse.swift */; };
		392BB385246C551B00C2F422 /* RequestMocking.swift in Sources */ = {isa = PBXBuildFile; fileRef = 392BB383246C551B00C2F422 /* RequestMocking.swift */; };
		392BB387246C555500C2F422 /* MockedWebRepositories.swift in Sources */ = {isa = PBXBuildFile; fileRef = 392BB386246C555500C2F422 /* MockedWebRepositories.swift */; };
		392BB389246C56CF00C2F422 /* TestHelpers.swift in Sources */ = {isa = PBXBuildFile; fileRef = 392BB388246C56CF00C2F422 /* TestHelpers.swift */; };
		392BB38B246C575000C2F422 /* MockedData.swift in Sources */ = {isa = PBXBuildFile; fileRef = 392BB38A246C575000C2F422 /* MockedData.swift */; };
		392BB38D246C655700C2F422 /* ChannelsWebRepositoryTests.swift in Sources */ = {isa = PBXBuildFile; fileRef = 392BB38C246C655700C2F422 /* ChannelsWebRepositoryTests.swift */; };
		3941C39A246D391D00CA66F1 /* CategoriesView.swift in Sources */ = {isa = PBXBuildFile; fileRef = 3941C399246D391D00CA66F1 /* CategoriesView.swift */; };
		3941C39C246D429900CA66F1 /* ActivityIndicatorView.swift in Sources */ = {isa = PBXBuildFile; fileRef = 3941C39B246D429900CA66F1 /* ActivityIndicatorView.swift */; };
		3941C39F246D45A000CA66F1 /* Log.swift in Sources */ = {isa = PBXBuildFile; fileRef = 3941C39E246D45A000CA66F1 /* Log.swift */; };
		3941C3A1246D45AC00CA66F1 /* String+Localization.swift in Sources */ = {isa = PBXBuildFile; fileRef = 3941C3A0246D45AC00CA66F1 /* String+Localization.swift */; };
		3941C3A3246D46DF00CA66F1 /* Color+Theme.swift in Sources */ = {isa = PBXBuildFile; fileRef = 3941C3A2246D46DF00CA66F1 /* Color+Theme.swift */; };
		3941C3A6246D4AA900CA66F1 /* Introspect in Frameworks */ = {isa = PBXBuildFile; productRef = 3941C3A5246D4AA900CA66F1 /* Introspect */; };
		3941C3A8246D4DCA00CA66F1 /* Text+Font.swift in Sources */ = {isa = PBXBuildFile; fileRef = 3941C3A7246D4DCA00CA66F1 /* Text+Font.swift */; };
		3941C3B7246D65E200CA66F1 /* Roboto-Black.ttf in Resources */ = {isa = PBXBuildFile; fileRef = 3941C3B3246D635700CA66F1 /* Roboto-Black.ttf */; };
		3941C3B8246D65E600CA66F1 /* Roboto-BlackItalic.ttf in Resources */ = {isa = PBXBuildFile; fileRef = 3941C3AB246D635600CA66F1 /* Roboto-BlackItalic.ttf */; };
		3941C3B9246D65E600CA66F1 /* Roboto-Bold.ttf in Resources */ = {isa = PBXBuildFile; fileRef = 3941C3B4246D635700CA66F1 /* Roboto-Bold.ttf */; };
		3941C3BA246D65E600CA66F1 /* Roboto-BoldItalic.ttf in Resources */ = {isa = PBXBuildFile; fileRef = 3941C3B0246D635600CA66F1 /* Roboto-BoldItalic.ttf */; };
		3941C3BB246D65E600CA66F1 /* Roboto-Italic.ttf in Resources */ = {isa = PBXBuildFile; fileRef = 3941C3AF246D635600CA66F1 /* Roboto-Italic.ttf */; };
		3941C3BC246D65E600CA66F1 /* Roboto-Light.ttf in Resources */ = {isa = PBXBuildFile; fileRef = 3941C3AE246D635600CA66F1 /* Roboto-Light.ttf */; };
		3941C3BD246D65E600CA66F1 /* Roboto-LightItalic.ttf in Resources */ = {isa = PBXBuildFile; fileRef = 3941C3AC246D635600CA66F1 /* Roboto-LightItalic.ttf */; };
		3941C3BE246D65E600CA66F1 /* Roboto-Medium.ttf in Resources */ = {isa = PBXBuildFile; fileRef = 3941C3B6246D635700CA66F1 /* Roboto-Medium.ttf */; };
		3941C3BF246D65E600CA66F1 /* Roboto-MediumItalic.ttf in Resources */ = {isa = PBXBuildFile; fileRef = 3941C3B1246D635600CA66F1 /* Roboto-MediumItalic.ttf */; };
		3941C3C0246D65E600CA66F1 /* Roboto-Regular.ttf in Resources */ = {isa = PBXBuildFile; fileRef = 3941C3AD246D635600CA66F1 /* Roboto-Regular.ttf */; };
		3941C3C1246D65E600CA66F1 /* Roboto-Thin.ttf in Resources */ = {isa = PBXBuildFile; fileRef = 3941C3B2246D635600CA66F1 /* Roboto-Thin.ttf */; };
		3941C3C2246D65E600CA66F1 /* Roboto-ThinItalic.ttf in Resources */ = {isa = PBXBuildFile; fileRef = 3941C3B5246D635700CA66F1 /* Roboto-ThinItalic.ttf */; };
		3941C3C5246EA01F00CA66F1 /* NewEpisodesView.swift in Sources */ = {isa = PBXBuildFile; fileRef = 3941C3C4246EA01F00CA66F1 /* NewEpisodesView.swift */; };
		3941C3CB246EA25200CA66F1 /* ErrorView.swift in Sources */ = {isa = PBXBuildFile; fileRef = 3941C3CA246EA25200CA66F1 /* ErrorView.swift */; };
		3941C3CD246EA45800CA66F1 /* ChannelsView.swift in Sources */ = {isa = PBXBuildFile; fileRef = 3941C3CC246EA45800CA66F1 /* ChannelsView.swift */; };
		3941C3CF246EAB5B00CA66F1 /* DividerView.swift in Sources */ = {isa = PBXBuildFile; fileRef = 3941C3CE246EAB5B00CA66F1 /* DividerView.swift */; };
		3941C3D2246EB19700CA66F1 /* Kingfisher in Frameworks */ = {isa = PBXBuildFile; productRef = 3941C3D1246EB19700CA66F1 /* Kingfisher */; };
		3941C3D4246EB19700CA66F1 /* KingfisherSwiftUI in Frameworks */ = {isa = PBXBuildFile; productRef = 3941C3D3246EB19700CA66F1 /* KingfisherSwiftUI */; };
		3941C3D6246EB8D300CA66F1 /* CoverView.swift in Sources */ = {isa = PBXBuildFile; fileRef = 3941C3D5246EB8D300CA66F1 /* CoverView.swift */; };
		3941C3D8246EEC5400CA66F1 /* IconView.swift in Sources */ = {isa = PBXBuildFile; fileRef = 3941C3D7246EEC5400CA66F1 /* IconView.swift */; };
		3941C3DA246EFA8300CA66F1 /* MediaListView.swift in Sources */ = {isa = PBXBuildFile; fileRef = 3941C3D9246EFA8300CA66F1 /* MediaListView.swift */; };
		3941C3DC246F1A8500CA66F1 /* SeriesListView.swift in Sources */ = {isa = PBXBuildFile; fileRef = 3941C3DB246F1A8500CA66F1 /* SeriesListView.swift */; };
		3941C3DE246FE1B300CA66F1 /* String+SHA256.swift in Sources */ = {isa = PBXBuildFile; fileRef = 3941C3DD246FE1B300CA66F1 /* String+SHA256.swift */; };
		3941C3E1246FE8BF00CA66F1 /* FileCache.swift in Sources */ = {isa = PBXBuildFile; fileRef = 3941C3E0246FE8BF00CA66F1 /* FileCache.swift */; };
		3941C3E6246FFC3300CA66F1 /* AnyPublisher+Error.swift in Sources */ = {isa = PBXBuildFile; fileRef = 3941C3E5246FFC3300CA66F1 /* AnyPublisher+Error.swift */; };
/* End PBXBuildFile section */

/* Begin PBXContainerItemProxy section */
		392BB330246C102300C2F422 /* PBXContainerItemProxy */ = {
			isa = PBXContainerItemProxy;
			containerPortal = 392BB311246C102100C2F422 /* Project object */;
			proxyType = 1;
			remoteGlobalIDString = 392BB318246C102100C2F422;
			remoteInfo = MindValley;
		};
/* End PBXContainerItemProxy section */

/* Begin PBXFileReference section */
		392BB319246C102100C2F422 /* MindValley.app */ = {isa = PBXFileReference; explicitFileType = wrapper.application; includeInIndex = 0; path = MindValley.app; sourceTree = BUILT_PRODUCTS_DIR; };
		392BB31C246C102100C2F422 /* AppDelegate.swift */ = {isa = PBXFileReference; lastKnownFileType = sourcecode.swift; path = AppDelegate.swift; sourceTree = "<group>"; };
		392BB31E246C102100C2F422 /* SceneDelegate.swift */ = {isa = PBXFileReference; lastKnownFileType = sourcecode.swift; path = SceneDelegate.swift; sourceTree = "<group>"; };
		392BB320246C102100C2F422 /* ContentView.swift */ = {isa = PBXFileReference; lastKnownFileType = sourcecode.swift; path = ContentView.swift; sourceTree = "<group>"; };
		392BB322246C102300C2F422 /* Assets.xcassets */ = {isa = PBXFileReference; lastKnownFileType = folder.assetcatalog; path = Assets.xcassets; sourceTree = "<group>"; };
		392BB325246C102300C2F422 /* Preview Assets.xcassets */ = {isa = PBXFileReference; lastKnownFileType = folder.assetcatalog; path = "Preview Assets.xcassets"; sourceTree = "<group>"; };
		392BB328246C102300C2F422 /* Base */ = {isa = PBXFileReference; lastKnownFileType = file.storyboard; name = Base; path = Base.lproj/LaunchScreen.storyboard; sourceTree = "<group>"; };
		392BB32A246C102300C2F422 /* Info.plist */ = {isa = PBXFileReference; lastKnownFileType = text.plist.xml; path = Info.plist; sourceTree = "<group>"; };
		392BB32F246C102300C2F422 /* MindValleyTests.xctest */ = {isa = PBXFileReference; explicitFileType = wrapper.cfbundle; includeInIndex = 0; path = MindValleyTests.xctest; sourceTree = BUILT_PRODUCTS_DIR; };
		392BB335246C102300C2F422 /* Info.plist */ = {isa = PBXFileReference; lastKnownFileType = text.plist.xml; path = Info.plist; sourceTree = "<group>"; };
		392BB346246C130800C2F422 /* AppState.swift */ = {isa = PBXFileReference; fileEncoding = 4; lastKnownFileType = sourcecode.swift; path = AppState.swift; sourceTree = "<group>"; };
		392BB348246C135200C2F422 /* InteractorsContainer.swift */ = {isa = PBXFileReference; fileEncoding = 4; lastKnownFileType = sourcecode.swift; path = InteractorsContainer.swift; sourceTree = "<group>"; };
		392BB34C246C13D900C2F422 /* ChannelsInteractor.swift */ = {isa = PBXFileReference; lastKnownFileType = sourcecode.swift; path = ChannelsInteractor.swift; sourceTree = "<group>"; };
		392BB350246C14B600C2F422 /* DependencyInjector.swift */ = {isa = PBXFileReference; fileEncoding = 4; lastKnownFileType = sourcecode.swift; path = DependencyInjector.swift; sourceTree = "<group>"; };
		392BB352246C14C400C2F422 /* Store.swift */ = {isa = PBXFileReference; fileEncoding = 4; lastKnownFileType = sourcecode.swift; path = Store.swift; sourceTree = "<group>"; };
		392BB354246C150200C2F422 /* SystemEventsHandler.swift */ = {isa = PBXFileReference; fileEncoding = 4; lastKnownFileType = sourcecode.swift; path = SystemEventsHandler.swift; sourceTree = "<group>"; };
		392BB357246C16A400C2F422 /* AppEnvironment.swift */ = {isa = PBXFileReference; fileEncoding = 4; lastKnownFileType = sourcecode.swift; path = AppEnvironment.swift; sourceTree = "<group>"; };
		392BB359246C170700C2F422 /* ChannelsWebRepository.swift */ = {isa = PBXFileReference; lastKnownFileType = sourcecode.swift; path = ChannelsWebRepository.swift; sourceTree = "<group>"; };
		392BB35F246C176A00C2F422 /* WebRepository.swift */ = {isa = PBXFileReference; fileEncoding = 4; lastKnownFileType = sourcecode.swift; path = WebRepository.swift; sourceTree = "<group>"; };
		392BB361246C177900C2F422 /* NetworkingHelpers.swift */ = {isa = PBXFileReference; fileEncoding = 4; lastKnownFileType = sourcecode.swift; path = NetworkingHelpers.swift; sourceTree = "<group>"; };
		392BB363246C178400C2F422 /* Helpers.swift */ = {isa = PBXFileReference; fileEncoding = 4; lastKnownFileType = sourcecode.swift; path = Helpers.swift; sourceTree = "<group>"; };
		392BB365246C178900C2F422 /* APICall.swift */ = {isa = PBXFileReference; fileEncoding = 4; lastKnownFileType = sourcecode.swift; path = APICall.swift; sourceTree = "<group>"; };
		392BB367246C17C400C2F422 /* CancelBag.swift */ = {isa = PBXFileReference; fileEncoding = 4; lastKnownFileType = sourcecode.swift; path = CancelBag.swift; sourceTree = "<group>"; };
		392BB368246C17C400C2F422 /* Loadable.swift */ = {isa = PBXFileReference; fileEncoding = 4; lastKnownFileType = sourcecode.swift; path = Loadable.swift; sourceTree = "<group>"; };
		392BB36B246C473B00C2F422 /* Media.swift */ = {isa = PBXFileReference; lastKnownFileType = sourcecode.swift; path = Media.swift; sourceTree = "<group>"; };
		392BB36D246C484F00C2F422 /* Channel.swift */ = {isa = PBXFileReference; lastKnownFileType = sourcecode.swift; path = Channel.swift; sourceTree = "<group>"; };
		392BB36F246C489000C2F422 /* Asset.swift */ = {isa = PBXFileReference; lastKnownFileType = sourcecode.swift; path = Asset.swift; sourceTree = "<group>"; };
		392BB371246C4B0A00C2F422 /* SeriesItem.swift */ = {isa = PBXFileReference; lastKnownFileType = sourcecode.swift; path = SeriesItem.swift; sourceTree = "<group>"; };
		392BB373246C4DB400C2F422 /* Category.swift */ = {isa = PBXFileReference; lastKnownFileType = sourcecode.swift; path = Category.swift; sourceTree = "<group>"; };
		392BB375246C501800C2F422 /* NewEpisodesData.swift */ = {isa = PBXFileReference; lastKnownFileType = sourcecode.swift; path = NewEpisodesData.swift; sourceTree = "<group>"; };
		392BB377246C504100C2F422 /* ChannelsData.swift */ = {isa = PBXFileReference; lastKnownFileType = sourcecode.swift; path = ChannelsData.swift; sourceTree = "<group>"; };
		392BB379246C507000C2F422 /* CategoriesData.swift */ = {isa = PBXFileReference; lastKnownFileType = sourcecode.swift; path = CategoriesData.swift; sourceTree = "<group>"; };
		392BB37C246C54B300C2F422 /* WebRepositoryTests.swift */ = {isa = PBXFileReference; fileEncoding = 4; lastKnownFileType = sourcecode.swift; path = WebRepositoryTests.swift; sourceTree = "<group>"; };
		392BB37F246C54F400C2F422 /* Mock.swift */ = {isa = PBXFileReference; fileEncoding = 4; lastKnownFileType = sourcecode.swift; path = Mock.swift; sourceTree = "<group>"; };
		392BB382246C551B00C2F422 /* MockedResponse.swift */ = {isa = PBXFileReference; fileEncoding = 4; lastKnownFileType = sourcecode.swift; path = MockedResponse.swift; sourceTree = "<group>"; };
		392BB383246C551B00C2F422 /* RequestMocking.swift */ = {isa = PBXFileReference; fileEncoding = 4; lastKnownFileType = sourcecode.swift; path = RequestMocking.swift; sourceTree = "<group>"; };
		392BB386246C555500C2F422 /* MockedWebRepositories.swift */ = {isa = PBXFileReference; fileEncoding = 4; lastKnownFileType = sourcecode.swift; path = MockedWebRepositories.swift; sourceTree = "<group>"; };
		392BB388246C56CF00C2F422 /* TestHelpers.swift */ = {isa = PBXFileReference; fileEncoding = 4; lastKnownFileType = sourcecode.swift; path = TestHelpers.swift; sourceTree = "<group>"; };
		392BB38A246C575000C2F422 /* MockedData.swift */ = {isa = PBXFileReference; lastKnownFileType = sourcecode.swift; path = MockedData.swift; sourceTree = "<group>"; };
		392BB38C246C655700C2F422 /* ChannelsWebRepositoryTests.swift */ = {isa = PBXFileReference; lastKnownFileType = sourcecode.swift; path = ChannelsWebRepositoryTests.swift; sourceTree = "<group>"; };
		3941C399246D391D00CA66F1 /* CategoriesView.swift */ = {isa = PBXFileReference; lastKnownFileType = sourcecode.swift; path = CategoriesView.swift; sourceTree = "<group>"; };
		3941C39B246D429900CA66F1 /* ActivityIndicatorView.swift */ = {isa = PBXFileReference; fileEncoding = 4; lastKnownFileType = sourcecode.swift; path = ActivityIndicatorView.swift; sourceTree = "<group>"; };
		3941C39E246D45A000CA66F1 /* Log.swift */ = {isa = PBXFileReference; fileEncoding = 4; lastKnownFileType = sourcecode.swift; path = Log.swift; sourceTree = "<group>"; };
		3941C3A0246D45AC00CA66F1 /* String+Localization.swift */ = {isa = PBXFileReference; fileEncoding = 4; lastKnownFileType = sourcecode.swift; path = "String+Localization.swift"; sourceTree = "<group>"; };
		3941C3A2246D46DF00CA66F1 /* Color+Theme.swift */ = {isa = PBXFileReference; lastKnownFileType = sourcecode.swift; path = "Color+Theme.swift"; sourceTree = "<group>"; };
		3941C3A7246D4DCA00CA66F1 /* Text+Font.swift */ = {isa = PBXFileReference; lastKnownFileType = sourcecode.swift; path = "Text+Font.swift"; sourceTree = "<group>"; };
		3941C3AB246D635600CA66F1 /* Roboto-BlackItalic.ttf */ = {isa = PBXFileReference; lastKnownFileType = file; path = "Roboto-BlackItalic.ttf"; sourceTree = "<group>"; };
		3941C3AC246D635600CA66F1 /* Roboto-LightItalic.ttf */ = {isa = PBXFileReference; lastKnownFileType = file; path = "Roboto-LightItalic.ttf"; sourceTree = "<group>"; };
		3941C3AD246D635600CA66F1 /* Roboto-Regular.ttf */ = {isa = PBXFileReference; lastKnownFileType = file; path = "Roboto-Regular.ttf"; sourceTree = "<group>"; };
		3941C3AE246D635600CA66F1 /* Roboto-Light.ttf */ = {isa = PBXFileReference; lastKnownFileType = file; path = "Roboto-Light.ttf"; sourceTree = "<group>"; };
		3941C3AF246D635600CA66F1 /* Roboto-Italic.ttf */ = {isa = PBXFileReference; lastKnownFileType = file; path = "Roboto-Italic.ttf"; sourceTree = "<group>"; };
		3941C3B0246D635600CA66F1 /* Roboto-BoldItalic.ttf */ = {isa = PBXFileReference; lastKnownFileType = file; path = "Roboto-BoldItalic.ttf"; sourceTree = "<group>"; };
		3941C3B1246D635600CA66F1 /* Roboto-MediumItalic.ttf */ = {isa = PBXFileReference; lastKnownFileType = file; path = "Roboto-MediumItalic.ttf"; sourceTree = "<group>"; };
		3941C3B2246D635600CA66F1 /* Roboto-Thin.ttf */ = {isa = PBXFileReference; lastKnownFileType = file; path = "Roboto-Thin.ttf"; sourceTree = "<group>"; };
		3941C3B3246D635700CA66F1 /* Roboto-Black.ttf */ = {isa = PBXFileReference; lastKnownFileType = file; path = "Roboto-Black.ttf"; sourceTree = "<group>"; };
		3941C3B4246D635700CA66F1 /* Roboto-Bold.ttf */ = {isa = PBXFileReference; lastKnownFileType = file; path = "Roboto-Bold.ttf"; sourceTree = "<group>"; };
		3941C3B5246D635700CA66F1 /* Roboto-ThinItalic.ttf */ = {isa = PBXFileReference; lastKnownFileType = file; path = "Roboto-ThinItalic.ttf"; sourceTree = "<group>"; };
		3941C3B6246D635700CA66F1 /* Roboto-Medium.ttf */ = {isa = PBXFileReference; lastKnownFileType = file; path = "Roboto-Medium.ttf"; sourceTree = "<group>"; };
		3941C3C4246EA01F00CA66F1 /* NewEpisodesView.swift */ = {isa = PBXFileReference; lastKnownFileType = sourcecode.swift; path = NewEpisodesView.swift; sourceTree = "<group>"; };
		3941C3CA246EA25200CA66F1 /* ErrorView.swift */ = {isa = PBXFileReference; lastKnownFileType = sourcecode.swift; path = ErrorView.swift; sourceTree = "<group>"; };
		3941C3CC246EA45800CA66F1 /* ChannelsView.swift */ = {isa = PBXFileReference; lastKnownFileType = sourcecode.swift; path = ChannelsView.swift; sourceTree = "<group>"; };
		3941C3CE246EAB5B00CA66F1 /* DividerView.swift */ = {isa = PBXFileReference; lastKnownFileType = sourcecode.swift; path = DividerView.swift; sourceTree = "<group>"; };
		3941C3D5246EB8D300CA66F1 /* CoverView.swift */ = {isa = PBXFileReference; lastKnownFileType = sourcecode.swift; path = CoverView.swift; sourceTree = "<group>"; };
		3941C3D7246EEC5400CA66F1 /* IconView.swift */ = {isa = PBXFileReference; lastKnownFileType = sourcecode.swift; path = IconView.swift; sourceTree = "<group>"; };
		3941C3D9246EFA8300CA66F1 /* MediaListView.swift */ = {isa = PBXFileReference; lastKnownFileType = sourcecode.swift; path = MediaListView.swift; sourceTree = "<group>"; };
		3941C3DB246F1A8500CA66F1 /* SeriesListView.swift */ = {isa = PBXFileReference; lastKnownFileType = sourcecode.swift; path = SeriesListView.swift; sourceTree = "<group>"; };
		3941C3DD246FE1B300CA66F1 /* String+SHA256.swift */ = {isa = PBXFileReference; lastKnownFileType = sourcecode.swift; path = "String+SHA256.swift"; sourceTree = "<group>"; };
		3941C3DF246FE20C00CA66F1 /* BridgingHeader.h */ = {isa = PBXFileReference; lastKnownFileType = sourcecode.c.h; path = BridgingHeader.h; sourceTree = "<group>"; };
		3941C3E0246FE8BF00CA66F1 /* FileCache.swift */ = {isa = PBXFileReference; lastKnownFileType = sourcecode.swift; path = FileCache.swift; sourceTree = "<group>"; };
		3941C3E5246FFC3300CA66F1 /* AnyPublisher+Error.swift */ = {isa = PBXFileReference; fileEncoding = 4; lastKnownFileType = sourcecode.swift; path = "AnyPublisher+Error.swift"; sourceTree = "<group>"; };
/* End PBXFileReference section */

/* Begin PBXFrameworksBuildPhase section */
		392BB316246C102100C2F422 /* Frameworks */ = {
			isa = PBXFrameworksBuildPhase;
			buildActionMask = 2147483647;
			files = (
				3941C3D4246EB19700CA66F1 /* KingfisherSwiftUI in Frameworks */,
				3941C3D2246EB19700CA66F1 /* Kingfisher in Frameworks */,
				3941C3A6246D4AA900CA66F1 /* Introspect in Frameworks */,
			);
			runOnlyForDeploymentPostprocessing = 0;
		};
		392BB32C246C102300C2F422 /* Frameworks */ = {
			isa = PBXFrameworksBuildPhase;
			buildActionMask = 2147483647;
			files = (
			);
			runOnlyForDeploymentPostprocessing = 0;
		};
/* End PBXFrameworksBuildPhase section */

/* Begin PBXGroup section */
		392BB310246C102100C2F422 = {
			isa = PBXGroup;
			children = (
				392BB31B246C102100C2F422 /* MindValley */,
				392BB332246C102300C2F422 /* MindValleyTests */,
				392BB31A246C102100C2F422 /* Products */,
			);
			sourceTree = "<group>";
		};
		392BB31A246C102100C2F422 /* Products */ = {
			isa = PBXGroup;
			children = (
				392BB319246C102100C2F422 /* MindValley.app */,
				392BB32F246C102300C2F422 /* MindValleyTests.xctest */,
			);
			name = Products;
			sourceTree = "<group>";
		};
		392BB31B246C102100C2F422 /* MindValley */ = {
			isa = PBXGroup;
			children = (
				392BB345246C12CA00C2F422 /* Repositories */,
				392BB344246C12B700C2F422 /* Interactors */,
				392BB343246C12AE00C2F422 /* Models */,
				392BB342246C129A00C2F422 /* Injected */,
				392BB341246C127F00C2F422 /* Utilities */,
				392BB33F246C105700C2F422 /* System */,
				392BB33E246C104000C2F422 /* UI */,
				392BB340246C108300C2F422 /* Resources */,
				392BB324246C102300C2F422 /* Preview Content */,
			);
			path = MindValley;
			sourceTree = "<group>";
		};
		392BB324246C102300C2F422 /* Preview Content */ = {
			isa = PBXGroup;
			children = (
				392BB325246C102300C2F422 /* Preview Assets.xcassets */,
			);
			path = "Preview Content";
			sourceTree = "<group>";
		};
		392BB332246C102300C2F422 /* MindValleyTests */ = {
			isa = PBXGroup;
			children = (
				392BB381246C551B00C2F422 /* NetworkMocking */,
				392BB37E246C54E200C2F422 /* Mocks */,
				392BB37B246C547200C2F422 /* Repositories */,
				392BB388246C56CF00C2F422 /* TestHelpers.swift */,
				392BB335246C102300C2F422 /* Info.plist */,
			);
			path = MindValleyTests;
			sourceTree = "<group>";
		};
		392BB33E246C104000C2F422 /* UI */ = {
			isa = PBXGroup;
			children = (
				3941C398246D38FF00CA66F1 /* Screens */,
				3941C397246D38F300CA66F1 /* Components */,
				3941C3A2246D46DF00CA66F1 /* Color+Theme.swift */,
				3941C3A7246D4DCA00CA66F1 /* Text+Font.swift */,
			);
			path = UI;
			sourceTree = "<group>";
		};
		392BB33F246C105700C2F422 /* System */ = {
			isa = PBXGroup;
			children = (
				392BB31C246C102100C2F422 /* AppDelegate.swift */,
				392BB357246C16A400C2F422 /* AppEnvironment.swift */,
				392BB31E246C102100C2F422 /* SceneDelegate.swift */,
				392BB354246C150200C2F422 /* SystemEventsHandler.swift */,
				3941C3DF246FE20C00CA66F1 /* BridgingHeader.h */,
			);
			path = System;
			sourceTree = "<group>";
		};
		392BB340246C108300C2F422 /* Resources */ = {
			isa = PBXGroup;
			children = (
				3941C3A9246D634600CA66F1 /* Fonts */,
				392BB322246C102300C2F422 /* Assets.xcassets */,
				392BB327246C102300C2F422 /* LaunchScreen.storyboard */,
				392BB32A246C102300C2F422 /* Info.plist */,
			);
			path = Resources;
			sourceTree = "<group>";
		};
		392BB341246C127F00C2F422 /* Utilities */ = {
			isa = PBXGroup;
			children = (
				3941C3A0246D45AC00CA66F1 /* String+Localization.swift */,
				3941C39E246D45A000CA66F1 /* Log.swift */,
				392BB352246C14C400C2F422 /* Store.swift */,
				392BB367246C17C400C2F422 /* CancelBag.swift */,
				392BB368246C17C400C2F422 /* Loadable.swift */,
				392BB361246C177900C2F422 /* NetworkingHelpers.swift */,
				392BB363246C178400C2F422 /* Helpers.swift */,
				392BB365246C178900C2F422 /* APICall.swift */,
				392BB35F246C176A00C2F422 /* WebRepository.swift */,
				3941C3DD246FE1B300CA66F1 /* String+SHA256.swift */,
				3941C3E0246FE8BF00CA66F1 /* FileCache.swift */,
				3941C3E5246FFC3300CA66F1 /* AnyPublisher+Error.swift */,
			);
			path = Utilities;
			sourceTree = "<group>";
		};
		392BB342246C129A00C2F422 /* Injected */ = {
			isa = PBXGroup;
			children = (
				392BB350246C14B600C2F422 /* DependencyInjector.swift */,
				392BB346246C130800C2F422 /* AppState.swift */,
				392BB348246C135200C2F422 /* InteractorsContainer.swift */,
			);
			path = Injected;
			sourceTree = "<group>";
		};
		392BB343246C12AE00C2F422 /* Models */ = {
			isa = PBXGroup;
			children = (
				392BB36B246C473B00C2F422 /* Media.swift */,
				392BB36D246C484F00C2F422 /* Channel.swift */,
				392BB36F246C489000C2F422 /* Asset.swift */,
				392BB371246C4B0A00C2F422 /* SeriesItem.swift */,
				392BB373246C4DB400C2F422 /* Category.swift */,
				392BB375246C501800C2F422 /* NewEpisodesData.swift */,
				392BB377246C504100C2F422 /* ChannelsData.swift */,
				392BB379246C507000C2F422 /* CategoriesData.swift */,
				392BB38A246C575000C2F422 /* MockedData.swift */,
			);
			path = Models;
			sourceTree = "<group>";
		};
		392BB344246C12B700C2F422 /* Interactors */ = {
			isa = PBXGroup;
			children = (
				392BB34C246C13D900C2F422 /* ChannelsInteractor.swift */,
			);
			path = Interactors;
			sourceTree = "<group>";
		};
		392BB345246C12CA00C2F422 /* Repositories */ = {
			isa = PBXGroup;
			children = (
				392BB359246C170700C2F422 /* ChannelsWebRepository.swift */,
			);
			path = Repositories;
			sourceTree = "<group>";
		};
		392BB37B246C547200C2F422 /* Repositories */ = {
			isa = PBXGroup;
			children = (
				392BB37C246C54B300C2F422 /* WebRepositoryTests.swift */,
				392BB38C246C655700C2F422 /* ChannelsWebRepositoryTests.swift */,
			);
			path = Repositories;
			sourceTree = "<group>";
		};
		392BB37E246C54E200C2F422 /* Mocks */ = {
			isa = PBXGroup;
			children = (
				392BB37F246C54F400C2F422 /* Mock.swift */,
				392BB386246C555500C2F422 /* MockedWebRepositories.swift */,
			);
			path = Mocks;
			sourceTree = "<group>";
		};
		392BB381246C551B00C2F422 /* NetworkMocking */ = {
			isa = PBXGroup;
			children = (
				392BB382246C551B00C2F422 /* MockedResponse.swift */,
				392BB383246C551B00C2F422 /* RequestMocking.swift */,
			);
			path = NetworkMocking;
			sourceTree = "<group>";
		};
		3941C397246D38F300CA66F1 /* Components */ = {
			isa = PBXGroup;
			children = (
				3941C3C4246EA01F00CA66F1 /* NewEpisodesView.swift */,
				3941C3D9246EFA8300CA66F1 /* MediaListView.swift */,
				3941C3DB246F1A8500CA66F1 /* SeriesListView.swift */,
				3941C3CC246EA45800CA66F1 /* ChannelsView.swift */,
				3941C399246D391D00CA66F1 /* CategoriesView.swift */,
				3941C39B246D429900CA66F1 /* ActivityIndicatorView.swift */,
				3941C3CA246EA25200CA66F1 /* ErrorView.swift */,
				3941C3CE246EAB5B00CA66F1 /* DividerView.swift */,
				3941C3D5246EB8D300CA66F1 /* CoverView.swift */,
				3941C3D7246EEC5400CA66F1 /* IconView.swift */,
			);
			path = Components;
			sourceTree = "<group>";
		};
		3941C398246D38FF00CA66F1 /* Screens */ = {
			isa = PBXGroup;
			children = (
				392BB320246C102100C2F422 /* ContentView.swift */,
			);
			path = Screens;
			sourceTree = "<group>";
		};
		3941C3A9246D634600CA66F1 /* Fonts */ = {
			isa = PBXGroup;
			children = (
				3941C3AA246D634C00CA66F1 /* Roboto */,
			);
			path = Fonts;
			sourceTree = "<group>";
		};
		3941C3AA246D634C00CA66F1 /* Roboto */ = {
			isa = PBXGroup;
			children = (
				3941C3B3246D635700CA66F1 /* Roboto-Black.ttf */,
				3941C3AB246D635600CA66F1 /* Roboto-BlackItalic.ttf */,
				3941C3B4246D635700CA66F1 /* Roboto-Bold.ttf */,
				3941C3B0246D635600CA66F1 /* Roboto-BoldItalic.ttf */,
				3941C3AF246D635600CA66F1 /* Roboto-Italic.ttf */,
				3941C3AE246D635600CA66F1 /* Roboto-Light.ttf */,
				3941C3AC246D635600CA66F1 /* Roboto-LightItalic.ttf */,
				3941C3B6246D635700CA66F1 /* Roboto-Medium.ttf */,
				3941C3B1246D635600CA66F1 /* Roboto-MediumItalic.ttf */,
				3941C3AD246D635600CA66F1 /* Roboto-Regular.ttf */,
				3941C3B2246D635600CA66F1 /* Roboto-Thin.ttf */,
				3941C3B5246D635700CA66F1 /* Roboto-ThinItalic.ttf */,
			);
			path = Roboto;
			sourceTree = "<group>";
		};
/* End PBXGroup section */

/* Begin PBXNativeTarget section */
		392BB318246C102100C2F422 /* MindValley */ = {
			isa = PBXNativeTarget;
			buildConfigurationList = 392BB338246C102300C2F422 /* Build configuration list for PBXNativeTarget "MindValley" */;
			buildPhases = (
				392BB315246C102100C2F422 /* Sources */,
				392BB316246C102100C2F422 /* Frameworks */,
				392BB317246C102100C2F422 /* Resources */,
			);
			buildRules = (
			);
			dependencies = (
			);
			name = MindValley;
			packageProductDependencies = (
				3941C3A5246D4AA900CA66F1 /* Introspect */,
				3941C3D1246EB19700CA66F1 /* Kingfisher */,
				3941C3D3246EB19700CA66F1 /* KingfisherSwiftUI */,
			);
			productName = MindValley;
			productReference = 392BB319246C102100C2F422 /* MindValley.app */;
			productType = "com.apple.product-type.application";
		};
		392BB32E246C102300C2F422 /* MindValleyTests */ = {
			isa = PBXNativeTarget;
			buildConfigurationList = 392BB33B246C102300C2F422 /* Build configuration list for PBXNativeTarget "MindValleyTests" */;
			buildPhases = (
				392BB32B246C102300C2F422 /* Sources */,
				392BB32C246C102300C2F422 /* Frameworks */,
				392BB32D246C102300C2F422 /* Resources */,
			);
			buildRules = (
			);
			dependencies = (
				392BB331246C102300C2F422 /* PBXTargetDependency */,
			);
			name = MindValleyTests;
			productName = MindValleyTests;
			productReference = 392BB32F246C102300C2F422 /* MindValleyTests.xctest */;
			productType = "com.apple.product-type.bundle.unit-test";
		};
/* End PBXNativeTarget section */

/* Begin PBXProject section */
		392BB311246C102100C2F422 /* Project object */ = {
			isa = PBXProject;
			attributes = {
				LastSwiftUpdateCheck = 1140;
				LastUpgradeCheck = 1140;
				ORGANIZATIONNAME = "Agustín Prats Hernandez";
				TargetAttributes = {
					392BB318246C102100C2F422 = {
						CreatedOnToolsVersion = 11.4.1;
					};
					392BB32E246C102300C2F422 = {
						CreatedOnToolsVersion = 11.4.1;
						TestTargetID = 392BB318246C102100C2F422;
					};
				};
			};
			buildConfigurationList = 392BB314246C102100C2F422 /* Build configuration list for PBXProject "MindValley" */;
			compatibilityVersion = "Xcode 9.3";
			developmentRegion = en;
			hasScannedForEncodings = 0;
			knownRegions = (
				en,
				Base,
			);
			mainGroup = 392BB310246C102100C2F422;
			packageReferences = (
				3941C3A4246D4AA900CA66F1 /* XCRemoteSwiftPackageReference "SwiftUI-Introspect" */,
				3941C3D0246EB19700CA66F1 /* XCRemoteSwiftPackageReference "Kingfisher" */,
			);
			productRefGroup = 392BB31A246C102100C2F422 /* Products */;
			projectDirPath = "";
			projectRoot = "";
			targets = (
				392BB318246C102100C2F422 /* MindValley */,
				392BB32E246C102300C2F422 /* MindValleyTests */,
			);
		};
/* End PBXProject section */

/* Begin PBXResourcesBuildPhase section */
		392BB317246C102100C2F422 /* Resources */ = {
			isa = PBXResourcesBuildPhase;
			buildActionMask = 2147483647;
			files = (
				3941C3C2246D65E600CA66F1 /* Roboto-ThinItalic.ttf in Resources */,
				3941C3C1246D65E600CA66F1 /* Roboto-Thin.ttf in Resources */,
				392BB329246C102300C2F422 /* LaunchScreen.storyboard in Resources */,
				392BB326246C102300C2F422 /* Preview Assets.xcassets in Resources */,
				3941C3BD246D65E600CA66F1 /* Roboto-LightItalic.ttf in Resources */,
				3941C3B9246D65E600CA66F1 /* Roboto-Bold.ttf in Resources */,
				3941C3BF246D65E600CA66F1 /* Roboto-MediumItalic.ttf in Resources */,
				3941C3B8246D65E600CA66F1 /* Roboto-BlackItalic.ttf in Resources */,
				392BB323246C102300C2F422 /* Assets.xcassets in Resources */,
				3941C3BB246D65E600CA66F1 /* Roboto-Italic.ttf in Resources */,
				3941C3BA246D65E600CA66F1 /* Roboto-BoldItalic.ttf in Resources */,
				3941C3BE246D65E600CA66F1 /* Roboto-Medium.ttf in Resources */,
				3941C3C0246D65E600CA66F1 /* Roboto-Regular.ttf in Resources */,
				3941C3B7246D65E200CA66F1 /* Roboto-Black.ttf in Resources */,
				3941C3BC246D65E600CA66F1 /* Roboto-Light.ttf in Resources */,
			);
			runOnlyForDeploymentPostprocessing = 0;
		};
		392BB32D246C102300C2F422 /* Resources */ = {
			isa = PBXResourcesBuildPhase;
			buildActionMask = 2147483647;
			files = (
			);
			runOnlyForDeploymentPostprocessing = 0;
		};
/* End PBXResourcesBuildPhase section */

/* Begin PBXSourcesBuildPhase section */
		392BB315246C102100C2F422 /* Sources */ = {
			isa = PBXSourcesBuildPhase;
			buildActionMask = 2147483647;
			files = (
				3941C3A8246D4DCA00CA66F1 /* Text+Font.swift in Sources */,
				392BB31D246C102100C2F422 /* AppDelegate.swift in Sources */,
				392BB351246C14B600C2F422 /* DependencyInjector.swift in Sources */,
				392BB37A246C507000C2F422 /* CategoriesData.swift in Sources */,
				392BB349246C135200C2F422 /* InteractorsContainer.swift in Sources */,
				392BB31F246C102100C2F422 /* SceneDelegate.swift in Sources */,
				392BB358246C16A400C2F422 /* AppEnvironment.swift in Sources */,
				392BB369246C17C400C2F422 /* CancelBag.swift in Sources */,
				392BB36A246C17C400C2F422 /* Loadable.swift in Sources */,
				392BB374246C4DB400C2F422 /* Category.swift in Sources */,
				3941C3CF246EAB5B00CA66F1 /* DividerView.swift in Sources */,
				3941C3A1246D45AC00CA66F1 /* String+Localization.swift in Sources */,
				392BB372246C4B0A00C2F422 /* SeriesItem.swift in Sources */,
				392BB353246C14C400C2F422 /* Store.swift in Sources */,
				392BB38B246C575000C2F422 /* MockedData.swift in Sources */,
				392BB370246C489000C2F422 /* Asset.swift in Sources */,
				3941C3E1246FE8BF00CA66F1 /* FileCache.swift in Sources */,
				392BB376246C501800C2F422 /* NewEpisodesData.swift in Sources */,
				392BB378246C504100C2F422 /* ChannelsData.swift in Sources */,
				3941C39A246D391D00CA66F1 /* CategoriesView.swift in Sources */,
				392BB34D246C13D900C2F422 /* ChannelsInteractor.swift in Sources */,
				392BB36C246C473B00C2F422 /* Media.swift in Sources */,
				3941C3C5246EA01F00CA66F1 /* NewEpisodesView.swift in Sources */,
				3941C3CB246EA25200CA66F1 /* ErrorView.swift in Sources */,
				3941C3CD246EA45800CA66F1 /* ChannelsView.swift in Sources */,
				3941C3A3246D46DF00CA66F1 /* Color+Theme.swift in Sources */,
				3941C3E6246FFC3300CA66F1 /* AnyPublisher+Error.swift in Sources */,
				3941C3DC246F1A8500CA66F1 /* SeriesListView.swift in Sources */,
				392BB321246C102100C2F422 /* ContentView.swift in Sources */,
				392BB360246C176A00C2F422 /* WebRepository.swift in Sources */,
				392BB366246C178900C2F422 /* APICall.swift in Sources */,
				392BB364246C178400C2F422 /* Helpers.swift in Sources */,
				392BB347246C130800C2F422 /* AppState.swift in Sources */,
				3941C3D6246EB8D300CA66F1 /* CoverView.swift in Sources */,
				3941C3D8246EEC5400CA66F1 /* IconView.swift in Sources */,
				392BB36E246C484F00C2F422 /* Channel.swift in Sources */,
				392BB355246C150200C2F422 /* SystemEventsHandler.swift in Sources */,
				392BB362246C177900C2F422 /* NetworkingHelpers.swift in Sources */,
				392BB35A246C170700C2F422 /* ChannelsWebRepository.swift in Sources */,
				3941C39C246D429900CA66F1 /* ActivityIndicatorView.swift in Sources */,
				3941C3DA246EFA8300CA66F1 /* MediaListView.swift in Sources */,
				3941C3DE246FE1B300CA66F1 /* String+SHA256.swift in Sources */,
				3941C39F246D45A000CA66F1 /* Log.swift in Sources */,
			);
			runOnlyForDeploymentPostprocessing = 0;
		};
		392BB32B246C102300C2F422 /* Sources */ = {
			isa = PBXSourcesBuildPhase;
			buildActionMask = 2147483647;
			files = (
				392BB37D246C54B300C2F422 /* WebRepositoryTests.swift in Sources */,
				392BB384246C551B00C2F422 /* MockedResponse.swift in Sources */,
				392BB385246C551B00C2F422 /* RequestMocking.swift in Sources */,
				392BB38D246C655700C2F422 /* ChannelsWebRepositoryTests.swift in Sources */,
				392BB387246C555500C2F422 /* MockedWebRepositories.swift in Sources */,
				392BB380246C54F400C2F422 /* Mock.swift in Sources */,
				392BB389246C56CF00C2F422 /* TestHelpers.swift in Sources */,
			);
			runOnlyForDeploymentPostprocessing = 0;
		};
/* End PBXSourcesBuildPhase section */

/* Begin PBXTargetDependency section */
		392BB331246C102300C2F422 /* PBXTargetDependency */ = {
			isa = PBXTargetDependency;
			target = 392BB318246C102100C2F422 /* MindValley */;
			targetProxy = 392BB330246C102300C2F422 /* PBXContainerItemProxy */;
		};
/* End PBXTargetDependency section */

/* Begin PBXVariantGroup section */
		392BB327246C102300C2F422 /* LaunchScreen.storyboard */ = {
			isa = PBXVariantGroup;
			children = (
				392BB328246C102300C2F422 /* Base */,
			);
			name = LaunchScreen.storyboard;
			sourceTree = "<group>";
		};
/* End PBXVariantGroup section */

/* Begin XCBuildConfiguration section */
		392BB336246C102300C2F422 /* Debug */ = {
			isa = XCBuildConfiguration;
			buildSettings = {
				ALWAYS_SEARCH_USER_PATHS = NO;
				CLANG_ANALYZER_NONNULL = YES;
				CLANG_ANALYZER_NUMBER_OBJECT_CONVERSION = YES_AGGRESSIVE;
				CLANG_CXX_LANGUAGE_STANDARD = "gnu++14";
				CLANG_CXX_LIBRARY = "libc++";
				CLANG_ENABLE_MODULES = YES;
				CLANG_ENABLE_OBJC_ARC = YES;
				CLANG_ENABLE_OBJC_WEAK = YES;
				CLANG_WARN_BLOCK_CAPTURE_AUTORELEASING = YES;
				CLANG_WARN_BOOL_CONVERSION = YES;
				CLANG_WARN_COMMA = YES;
				CLANG_WARN_CONSTANT_CONVERSION = YES;
				CLANG_WARN_DEPRECATED_OBJC_IMPLEMENTATIONS = YES;
				CLANG_WARN_DIRECT_OBJC_ISA_USAGE = YES_ERROR;
				CLANG_WARN_DOCUMENTATION_COMMENTS = YES;
				CLANG_WARN_EMPTY_BODY = YES;
				CLANG_WARN_ENUM_CONVERSION = YES;
				CLANG_WARN_INFINITE_RECURSION = YES;
				CLANG_WARN_INT_CONVERSION = YES;
				CLANG_WARN_NON_LITERAL_NULL_CONVERSION = YES;
				CLANG_WARN_OBJC_IMPLICIT_RETAIN_SELF = YES;
				CLANG_WARN_OBJC_LITERAL_CONVERSION = YES;
				CLANG_WARN_OBJC_ROOT_CLASS = YES_ERROR;
				CLANG_WARN_RANGE_LOOP_ANALYSIS = YES;
				CLANG_WARN_STRICT_PROTOTYPES = YES;
				CLANG_WARN_SUSPICIOUS_MOVE = YES;
				CLANG_WARN_UNGUARDED_AVAILABILITY = YES_AGGRESSIVE;
				CLANG_WARN_UNREACHABLE_CODE = YES;
				CLANG_WARN__DUPLICATE_METHOD_MATCH = YES;
				COPY_PHASE_STRIP = NO;
				DEBUG_INFORMATION_FORMAT = dwarf;
				ENABLE_STRICT_OBJC_MSGSEND = YES;
				ENABLE_TESTABILITY = YES;
				GCC_C_LANGUAGE_STANDARD = gnu11;
				GCC_DYNAMIC_NO_PIC = NO;
				GCC_NO_COMMON_BLOCKS = YES;
				GCC_OPTIMIZATION_LEVEL = 0;
				GCC_PREPROCESSOR_DEFINITIONS = (
					"DEBUG=1",
					"$(inherited)",
				);
				GCC_WARN_64_TO_32_BIT_CONVERSION = YES;
				GCC_WARN_ABOUT_RETURN_TYPE = YES_ERROR;
				GCC_WARN_UNDECLARED_SELECTOR = YES;
				GCC_WARN_UNINITIALIZED_AUTOS = YES_AGGRESSIVE;
				GCC_WARN_UNUSED_FUNCTION = YES;
				GCC_WARN_UNUSED_VARIABLE = YES;
				IPHONEOS_DEPLOYMENT_TARGET = 13.4;
				MTL_ENABLE_DEBUG_INFO = INCLUDE_SOURCE;
				MTL_FAST_MATH = YES;
				ONLY_ACTIVE_ARCH = YES;
				SDKROOT = iphoneos;
				SWIFT_ACTIVE_COMPILATION_CONDITIONS = DEBUG;
				SWIFT_OPTIMIZATION_LEVEL = "-Onone";
			};
			name = Debug;
		};
		392BB337246C102300C2F422 /* Release */ = {
			isa = XCBuildConfiguration;
			buildSettings = {
				ALWAYS_SEARCH_USER_PATHS = NO;
				CLANG_ANALYZER_NONNULL = YES;
				CLANG_ANALYZER_NUMBER_OBJECT_CONVERSION = YES_AGGRESSIVE;
				CLANG_CXX_LANGUAGE_STANDARD = "gnu++14";
				CLANG_CXX_LIBRARY = "libc++";
				CLANG_ENABLE_MODULES = YES;
				CLANG_ENABLE_OBJC_ARC = YES;
				CLANG_ENABLE_OBJC_WEAK = YES;
				CLANG_WARN_BLOCK_CAPTURE_AUTORELEASING = YES;
				CLANG_WARN_BOOL_CONVERSION = YES;
				CLANG_WARN_COMMA = YES;
				CLANG_WARN_CONSTANT_CONVERSION = YES;
				CLANG_WARN_DEPRECATED_OBJC_IMPLEMENTATIONS = YES;
				CLANG_WARN_DIRECT_OBJC_ISA_USAGE = YES_ERROR;
				CLANG_WARN_DOCUMENTATION_COMMENTS = YES;
				CLANG_WARN_EMPTY_BODY = YES;
				CLANG_WARN_ENUM_CONVERSION = YES;
				CLANG_WARN_INFINITE_RECURSION = YES;
				CLANG_WARN_INT_CONVERSION = YES;
				CLANG_WARN_NON_LITERAL_NULL_CONVERSION = YES;
				CLANG_WARN_OBJC_IMPLICIT_RETAIN_SELF = YES;
				CLANG_WARN_OBJC_LITERAL_CONVERSION = YES;
				CLANG_WARN_OBJC_ROOT_CLASS = YES_ERROR;
				CLANG_WARN_RANGE_LOOP_ANALYSIS = YES;
				CLANG_WARN_STRICT_PROTOTYPES = YES;
				CLANG_WARN_SUSPICIOUS_MOVE = YES;
				CLANG_WARN_UNGUARDED_AVAILABILITY = YES_AGGRESSIVE;
				CLANG_WARN_UNREACHABLE_CODE = YES;
				CLANG_WARN__DUPLICATE_METHOD_MATCH = YES;
				COPY_PHASE_STRIP = NO;
				DEBUG_INFORMATION_FORMAT = "dwarf-with-dsym";
				ENABLE_NS_ASSERTIONS = NO;
				ENABLE_STRICT_OBJC_MSGSEND = YES;
				GCC_C_LANGUAGE_STANDARD = gnu11;
				GCC_NO_COMMON_BLOCKS = YES;
				GCC_WARN_64_TO_32_BIT_CONVERSION = YES;
				GCC_WARN_ABOUT_RETURN_TYPE = YES_ERROR;
				GCC_WARN_UNDECLARED_SELECTOR = YES;
				GCC_WARN_UNINITIALIZED_AUTOS = YES_AGGRESSIVE;
				GCC_WARN_UNUSED_FUNCTION = YES;
				GCC_WARN_UNUSED_VARIABLE = YES;
				IPHONEOS_DEPLOYMENT_TARGET = 13.4;
				MTL_ENABLE_DEBUG_INFO = NO;
				MTL_FAST_MATH = YES;
				SDKROOT = iphoneos;
				SWIFT_COMPILATION_MODE = wholemodule;
				SWIFT_OPTIMIZATION_LEVEL = "-O";
				VALIDATE_PRODUCT = YES;
			};
			name = Release;
		};
		392BB339246C102300C2F422 /* Debug */ = {
			isa = XCBuildConfiguration;
			buildSettings = {
				ASSETCATALOG_COMPILER_APPICON_NAME = AppIcon;
				CODE_SIGN_STYLE = Automatic;
				DEVELOPMENT_ASSET_PATHS = "\"MindValley/Preview Content\"";
				DEVELOPMENT_TEAM = 5FTZNJDB6J;
				ENABLE_PREVIEWS = YES;
				INFOPLIST_FILE = MindValley/Resources/Info.plist;
				IPHONEOS_DEPLOYMENT_TARGET = 13.0;
				LD_RUNPATH_SEARCH_PATHS = (
					"$(inherited)",
					"@executable_path/Frameworks",
				);
				PRODUCT_BUNDLE_IDENTIFIER = app.MindValley;
				PRODUCT_NAME = "$(TARGET_NAME)";
				SWIFT_OBJC_BRIDGING_HEADER = "$(SWIFT_MODULE_NAME)/System/BridgingHeader.h";
				SWIFT_VERSION = 5.0;
				TARGETED_DEVICE_FAMILY = "1,2";
			};
			name = Debug;
		};
		392BB33A246C102300C2F422 /* Release */ = {
			isa = XCBuildConfiguration;
			buildSettings = {
				ASSETCATALOG_COMPILER_APPICON_NAME = AppIcon;
				CODE_SIGN_STYLE = Automatic;
				DEVELOPMENT_ASSET_PATHS = "\"MindValley/Preview Content\"";
				DEVELOPMENT_TEAM = 5FTZNJDB6J;
				ENABLE_PREVIEWS = YES;
				INFOPLIST_FILE = MindValley/Resources/Info.plist;
				IPHONEOS_DEPLOYMENT_TARGET = 13.0;
				LD_RUNPATH_SEARCH_PATHS = (
					"$(inherited)",
					"@executable_path/Frameworks",
				);
				PRODUCT_BUNDLE_IDENTIFIER = app.MindValley;
				PRODUCT_NAME = "$(TARGET_NAME)";
				SWIFT_OBJC_BRIDGING_HEADER = "$(SWIFT_MODULE_NAME)/System/BridgingHeader.h";
				SWIFT_VERSION = 5.0;
				TARGETED_DEVICE_FAMILY = "1,2";
			};
			name = Release;
		};
		392BB33C246C102300C2F422 /* Debug */ = {
			isa = XCBuildConfiguration;
			buildSettings = {
				ALWAYS_EMBED_SWIFT_STANDARD_LIBRARIES = YES;
				BUNDLE_LOADER = "$(TEST_HOST)";
				CODE_SIGN_STYLE = Automatic;
				DEVELOPMENT_TEAM = 5FTZNJDB6J;
				INFOPLIST_FILE = MindValleyTests/Info.plist;
				IPHONEOS_DEPLOYMENT_TARGET = 13.4;
				LD_RUNPATH_SEARCH_PATHS = (
					"$(inherited)",
					"@executable_path/Frameworks",
					"@loader_path/Frameworks",
				);
				PRODUCT_BUNDLE_IDENTIFIER = app.MindValleyTests;
				PRODUCT_NAME = "$(TARGET_NAME)";
				SWIFT_VERSION = 5.0;
				TARGETED_DEVICE_FAMILY = "1,2";
				TEST_HOST = "$(BUILT_PRODUCTS_DIR)/MindValley.app/MindValley";
			};
			name = Debug;
		};
		392BB33D246C102300C2F422 /* Release */ = {
			isa = XCBuildConfiguration;
			buildSettings = {
				ALWAYS_EMBED_SWIFT_STANDARD_LIBRARIES = YES;
				BUNDLE_LOADER = "$(TEST_HOST)";
				CODE_SIGN_STYLE = Automatic;
				DEVELOPMENT_TEAM = 5FTZNJDB6J;
				INFOPLIST_FILE = MindValleyTests/Info.plist;
				IPHONEOS_DEPLOYMENT_TARGET = 13.4;
				LD_RUNPATH_SEARCH_PATHS = (
					"$(inherited)",
					"@executable_path/Frameworks",
					"@loader_path/Frameworks",
				);
				PRODUCT_BUNDLE_IDENTIFIER = app.MindValleyTests;
				PRODUCT_NAME = "$(TARGET_NAME)";
				SWIFT_VERSION = 5.0;
				TARGETED_DEVICE_FAMILY = "1,2";
				TEST_HOST = "$(BUILT_PRODUCTS_DIR)/MindValley.app/MindValley";
			};
			name = Release;
		};
/* End XCBuildConfiguration section */

/* Begin XCConfigurationList section */
		392BB314246C102100C2F422 /* Build configuration list for PBXProject "MindValley" */ = {
			isa = XCConfigurationList;
			buildConfigurations = (
				392BB336246C102300C2F422 /* Debug */,
				392BB337246C102300C2F422 /* Release */,
			);
			defaultConfigurationIsVisible = 0;
			defaultConfigurationName = Release;
		};
		392BB338246C102300C2F422 /* Build configuration list for PBXNativeTarget "MindValley" */ = {
			isa = XCConfigurationList;
			buildConfigurations = (
				392BB339246C102300C2F422 /* Debug */,
				392BB33A246C102300C2F422 /* Release */,
			);
			defaultConfigurationIsVisible = 0;
			defaultConfigurationName = Release;
		};
		392BB33B246C102300C2F422 /* Build configuration list for PBXNativeTarget "MindValleyTests" */ = {
			isa = XCConfigurationList;
			buildConfigurations = (
				392BB33C246C102300C2F422 /* Debug */,
				392BB33D246C102300C2F422 /* Release */,
			);
			defaultConfigurationIsVisible = 0;
			defaultConfigurationName = Release;
		};
/* End XCConfigurationList section */

/* Begin XCRemoteSwiftPackageReference section */
		3941C3A4246D4AA900CA66F1 /* XCRemoteSwiftPackageReference "SwiftUI-Introspect" */ = {
			isa = XCRemoteSwiftPackageReference;
			repositoryURL = "https://github.com/timbersoftware/SwiftUI-Introspect.git";
			requirement = {
				kind = upToNextMajorVersion;
				minimumVersion = 0.1.0;
			};
		};
		3941C3D0246EB19700CA66F1 /* XCRemoteSwiftPackageReference "Kingfisher" */ = {
			isa = XCRemoteSwiftPackageReference;
			repositoryURL = "https://github.com/onevcat/Kingfisher.git";
			requirement = {
				kind = upToNextMajorVersion;
				minimumVersion = 5.14.0;
			};
		};
/* End XCRemoteSwiftPackageReference section */

/* Begin XCSwiftPackageProductDependency section */
		3941C3A5246D4AA900CA66F1 /* Introspect */ = {
			isa = XCSwiftPackageProductDependency;
			package = 3941C3A4246D4AA900CA66F1 /* XCRemoteSwiftPackageReference "SwiftUI-Introspect" */;
			productName = Introspect;
		};
		3941C3D1246EB19700CA66F1 /* Kingfisher */ = {
			isa = XCSwiftPackageProductDependency;
			package = 3941C3D0246EB19700CA66F1 /* XCRemoteSwiftPackageReference "Kingfisher" */;
			productName = Kingfisher;
		};
		3941C3D3246EB19700CA66F1 /* KingfisherSwiftUI */ = {
			isa = XCSwiftPackageProductDependency;
			package = 3941C3D0246EB19700CA66F1 /* XCRemoteSwiftPackageReference "Kingfisher" */;
			productName = KingfisherSwiftUI;
		};
/* End XCSwiftPackageProductDependency section */
	};
	rootObject = 392BB311246C102100C2F422 /* Project object */;
}
